
Microsoft Visual Studio Solution File, Format Version 12.00
# Visual Studio 2012
Project("{FAE04EC0-301F-11D3-BF4B-00C04F79EFBC}") = "Composite_Control", "Composite_Control\Composite_Control.csproj", "{C8CD282B-E537-4DC1-B5C0-9E503AF65196}"
EndProject
Global
	GlobalSection(SolutionConfigurationPlatforms) = preSolution
		Debug|Any CPU = Debug|Any CPU
		Release|Any CPU = Release|Any CPU
	EndGlobalSection
	GlobalSection(ProjectConfigurationPlatforms) = postSolution
		{C8CD282B-E537-4DC1-B5C0-9E503AF65196}.Debug|Any CPU.ActiveCfg = Debug|Any CPU
		{C8CD282B-E537-4DC1-B5C0-9E503AF65196}.Debug|Any CPU.Build.0 = Debug|Any CPU
		{C8CD282B-E537-4DC1-B5C0-9E503AF65196}.Release|Any CPU.ActiveCfg = Release|Any CPU
		{C8CD282B-E537-4DC1-B5C0-9E503AF65196}.Release|Any CPU.Build.0 = Release|Any CPU
	EndGlobalSection
	GlobalSection(SolutionProperties) = preSolution
		HideSolutionNode = FALSE
	EndGlobalSection
EndGlobal
