
Microsoft Visual Studio Solution File, Format Version 12.00
# Visual Studio 2012
Project("{FAE04EC0-301F-11D3-BF4B-00C04F79EFBC}") = "Selenium.Auth", "Selenium.Auth\Selenium.Auth.csproj", "{CD3763B9-D8E9-4D54-9680-745E863EEABB}"
EndProject
Global
	GlobalSection(SolutionConfigurationPlatforms) = preSolution
		Debug|Any CPU = Debug|Any CPU
		Release|Any CPU = Release|Any CPU
	EndGlobalSection
	GlobalSection(ProjectConfigurationPlatforms) = postSolution
		{CD3763B9-D8E9-4D54-9680-745E863EEABB}.Debug|Any CPU.ActiveCfg = Debug|Any CPU
		{CD3763B9-D8E9-4D54-9680-745E863EEABB}.Debug|Any CPU.Build.0 = Debug|Any CPU
		{CD3763B9-D8E9-4D54-9680-745E863EEABB}.Release|Any CPU.ActiveCfg = Release|Any CPU
		{CD3763B9-D8E9-4D54-9680-745E863EEABB}.Release|Any CPU.Build.0 = Release|Any CPU
	EndGlobalSection
	GlobalSection(SolutionProperties) = preSolution
		HideSolutionNode = FALSE
	EndGlobalSection
EndGlobal
