
Microsoft Visual Studio Solution File, Format Version 12.00
# Visual Studio 2012
Project("{FAE04EC0-301F-11D3-BF4B-00C04F79EFBC}") = "Testing.Logger", "Testing.Logger\Testing.Logger.csproj", "{2C77C1C5-D995-418F-9891-7E14E95A1B66}"
EndProject
Project("{FAE04EC0-301F-11D3-BF4B-00C04F79EFBC}") = "Testing.Shim", "Testing.Shim\Testing.Shim.csproj", "{D66C8C6A-3478-46C1-BAE7-7BE06E76A1DE}"
EndProject
Project("{FAE04EC0-301F-11D3-BF4B-00C04F79EFBC}") = "Testing.Stub", "Testing.Stub\Testing.Stub.csproj", "{153A0ACC-4C65-4B6E-AADA-9F647970F1C3}"
EndProject
Global
	GlobalSection(SolutionConfigurationPlatforms) = preSolution
		Debug|Any CPU = Debug|Any CPU
		Release|Any CPU = Release|Any CPU
	EndGlobalSection
	GlobalSection(ProjectConfigurationPlatforms) = postSolution
		{2C77C1C5-D995-418F-9891-7E14E95A1B66}.Debug|Any CPU.ActiveCfg = Debug|Any CPU
		{2C77C1C5-D995-418F-9891-7E14E95A1B66}.Debug|Any CPU.Build.0 = Debug|Any CPU
		{2C77C1C5-D995-418F-9891-7E14E95A1B66}.Release|Any CPU.ActiveCfg = Release|Any CPU
		{2C77C1C5-D995-418F-9891-7E14E95A1B66}.Release|Any CPU.Build.0 = Release|Any CPU
		{D66C8C6A-3478-46C1-BAE7-7BE06E76A1DE}.Debug|Any CPU.ActiveCfg = Debug|Any CPU
		{D66C8C6A-3478-46C1-BAE7-7BE06E76A1DE}.Debug|Any CPU.Build.0 = Debug|Any CPU
		{D66C8C6A-3478-46C1-BAE7-7BE06E76A1DE}.Release|Any CPU.ActiveCfg = Release|Any CPU
		{D66C8C6A-3478-46C1-BAE7-7BE06E76A1DE}.Release|Any CPU.Build.0 = Release|Any CPU
		{153A0ACC-4C65-4B6E-AADA-9F647970F1C3}.Debug|Any CPU.ActiveCfg = Debug|Any CPU
		{153A0ACC-4C65-4B6E-AADA-9F647970F1C3}.Debug|Any CPU.Build.0 = Debug|Any CPU
		{153A0ACC-4C65-4B6E-AADA-9F647970F1C3}.Release|Any CPU.ActiveCfg = Release|Any CPU
		{153A0ACC-4C65-4B6E-AADA-9F647970F1C3}.Release|Any CPU.Build.0 = Release|Any CPU
	EndGlobalSection
	GlobalSection(SolutionProperties) = preSolution
		HideSolutionNode = FALSE
	EndGlobalSection
EndGlobal
